
Microsoft Visual Studio Solution File, Format Version 12.00
# Visual Studio Version 16
VisualStudioVersion = 16.0.28803.202
MinimumVisualStudioVersion = 10.0.40219.1
Project("{888888A0-9F3D-457C-B088-3A5042F75D52}") = "ants", "ants\ants.pyproj", "{68541B36-44F2-47BE-B603-CCE66C454E1D}"
EndProject
Global
	GlobalSection(SolutionConfigurationPlatforms) = preSolution
		Debug|Any CPU = Debug|Any CPU
		Release|Any CPU = Release|Any CPU
	EndGlobalSection
	GlobalSection(ProjectConfigurationPlatforms) = postSolution
		{68541B36-44F2-47BE-B603-CCE66C454E1D}.Debug|Any CPU.ActiveCfg = Debug|Any CPU
		{68541B36-44F2-47BE-B603-CCE66C454E1D}.Release|Any CPU.ActiveCfg = Release|Any CPU
	EndGlobalSection
	GlobalSection(SolutionProperties) = preSolution
		HideSolutionNode = FALSE
	EndGlobalSection
	GlobalSection(ExtensibilityGlobals) = postSolution
		SolutionGuid = {0C4432A1-391D-43FB-A1FA-3CCE860E4E02}
	EndGlobalSection
EndGlobal
